FORGE
  remote: https://forgeapi.puppetlabs.com
  specs:
    elasticsearch-elasticsearch (0.4.0)
      puppetlabs-stdlib (>= 3.2.0)
    jdowning-rbenv (1.3.0)
      puppetlabs-git (>= 0.0.3)
      puppetlabs-stdlib (>= 4.1.0)
    jfryman-nginx (0.1.1)
      puppetlabs-apt (>= 1.0.0)
      puppetlabs-concat (>= 1.1.0)
      puppetlabs-stdlib (>= 3.0.0)
      ripienaar-module_data (>= 0.0.3)
    puppetlabs-apt (1.6.0)
      puppetlabs-stdlib (>= 2.2.1)
    puppetlabs-concat (1.1.1)
      puppetlabs-stdlib (< 5.0.0, >= 3.2.0)
    puppetlabs-firewall (1.1.3)
    puppetlabs-git (0.2.0)
      puppetlabs-vcsrepo (>= 0.1.0)
    puppetlabs-java (1.1.2)
      puppetlabs-stdlib (>= 2.4.0)
    puppetlabs-postgresql (4.0.0)
      puppetlabs-apt (< 2.0.0, >= 1.1.0)
      puppetlabs-concat (< 2.0.0, >= 1.1.0)
      puppetlabs-stdlib (~> 4.0)
    puppetlabs-stdlib (4.3.2)
    puppetlabs-vcsrepo (1.1.0)
    ripienaar-module_data (0.0.3)

DEPENDENCIES
  elasticsearch-elasticsearch (>= 0)
  jdowning-rbenv (>= 0)
  jfryman-nginx (>= 0)
  puppetlabs-firewall (>= 0)
  puppetlabs-git (>= 0)
  puppetlabs-java (>= 0)
  puppetlabs-postgresql (>= 0)

